// !$*UTF8*$!
{
	archiveVersion = 1;
	classes = {
	};
	objectVersion = 46;
	objects = {

/* Begin PBXBuildFile section */
		2BFFC4CA1D47E57600454126 /* AppDelegate.swift in Sources */ = {isa = PBXBuildFile; fileRef = 2BFFC4C91D47E57600454126 /* AppDelegate.swift */; };
		2BFFC4CC1D47E57600454126 /* ViewController.swift in Sources */ = {isa = PBXBuildFile; fileRef = 2BFFC4CB1D47E57600454126 /* ViewController.swift */; };
		2BFFC4CF1D47E57600454126 /* Main.storyboard in Resources */ = {isa = PBXBuildFile; fileRef = 2BFFC4CD1D47E57600454126 /* Main.storyboard */; };
		2BFFC4D11D47E57600454126 /* Assets.xcassets in Resources */ = {isa = PBXBuildFile; fileRef = 2BFFC4D01D47E57600454126 /* Assets.xcassets */; };
		2BFFC4D41D47E57600454126 /* LaunchScreen.storyboard in Resources */ = {isa = PBXBuildFile; fileRef = 2BFFC4D21D47E57600454126 /* LaunchScreen.storyboard */; };
		DB5F4D8E1D52B0B40054487A /* btn.wav in Resources */ = {isa = PBXBuildFile; fileRef = DB5F4D8D1D52B0B40054487A /* btn.wav */; };
		DB5F4D901D52B4C10054487A /* AudioToolbox.framework in Frameworks */ = {isa = PBXBuildFile; fileRef = DB5F4D8F1D52B4C10054487A /* AudioToolbox.framework */; };
/* End PBXBuildFile section */

/* Begin PBXFileReference section */
		2BFFC4C61D47E57600454126 /* Calculator-Project.app */ = {isa = PBXFileReference; explicitFileType = wrapper.application; includeInIndex = 0; path = "Calculator-Project.app"; sourceTree = BUILT_PRODUCTS_DIR; };
		2BFFC4C91D47E57600454126 /* AppDelegate.swift */ = {isa = PBXFileReference; lastKnownFileType = sourcecode.swift; path = AppDelegate.swift; sourceTree = "<group>"; };
		2BFFC4CB1D47E57600454126 /* ViewController.swift */ = {isa = PBXFileReference; lastKnownFileType = sourcecode.swift; path = ViewController.swift; sourceTree = "<group>"; };
		2BFFC4CE1D47E57600454126 /* Base */ = {isa = PBXFileReference; lastKnownFileType = file.storyboard; name = Base; path = Base.lproj/Main.storyboard; sourceTree = "<group>"; };
		2BFFC4D01D47E57600454126 /* Assets.xcassets */ = {isa = PBXFileReference; lastKnownFileType = folder.assetcatalog; path = Assets.xcassets; sourceTree = "<group>"; };
		2BFFC4D31D47E57600454126 /* Base */ = {isa = PBXFileReference; lastKnownFileType = file.storyboard; name = Base; path = Base.lproj/LaunchScreen.storyboard; sourceTree = "<group>"; };
		2BFFC4D51D47E57600454126 /* Info.plist */ = {isa = PBXFileReference; lastKnownFileType = text.plist.xml; path = Info.plist; sourceTree = "<group>"; };
		DB5F4D8D1D52B0B40054487A /* btn.wav */ = {isa = PBXFileReference; lastKnownFileType = audio.wav; path = btn.wav; sourceTree = "<group>"; };
		DB5F4D8F1D52B4C10054487A /* AudioToolbox.framework */ = {isa = PBXFileReference; lastKnownFileType = wrapper.framework; name = AudioToolbox.framework; path = System/Library/Frameworks/AudioToolbox.framework; sourceTree = SDKROOT; };
/* End PBXFileReference section */

/* Begin PBXFrameworksBuildPhase section */
		2BFFC4C31D47E57600454126 /* Frameworks */ = {
			isa = PBXFrameworksBuildPhase;
			buildActionMask = 2147483647;
			files = (
				DB5F4D901D52B4C10054487A /* AudioToolbox.framework in Frameworks */,
			);
			runOnlyForDeploymentPostprocessing = 0;
		};
/* End PBXFrameworksBuildPhase section */

/* Begin PBXGroup section */
		2BFFC4BD1D47E57500454126 = {
			isa = PBXGroup;
			children = (
				DB5F4D8F1D52B4C10054487A /* AudioToolbox.framework */,
				2BFFC4C81D47E57600454126 /* Calculator-Project */,
				2BFFC4C71D47E57600454126 /* Products */,
			);
			sourceTree = "<group>";
		};
		2BFFC4C71D47E57600454126 /* Products */ = {
			isa = PBXGroup;
			children = (
				2BFFC4C61D47E57600454126 /* Calculator-Project.app */,
			);
			name = Products;
			sourceTree = "<group>";
		};
		2BFFC4C81D47E57600454126 /* Calculator-Project */ = {
			isa = PBXGroup;
			children = (
				DB5F4D8D1D52B0B40054487A /* btn.wav */,
				2BFFC4C91D47E57600454126 /* AppDelegate.swift */,
				2BFFC4CB1D47E57600454126 /* ViewController.swift */,
				2BFFC4CD1D47E57600454126 /* Main.storyboard */,
				2BFFC4D01D47E57600454126 /* Assets.xcassets */,
				2BFFC4D21D47E57600454126 /* LaunchScreen.storyboard */,
				2BFFC4D51D47E57600454126 /* Info.plist */,
			);
			path = "Calculator-Project";
			sourceTree = "<group>";
		};
/* End PBXGroup section */

/* Begin PBXNativeTarget section */
		2BFFC4C51D47E57600454126 /* Calculator-Project */ = {
			isa = PBXNativeTarget;
			buildConfigurationList = 2BFFC4D81D47E57600454126 /* Build configuration list for PBXNativeTarget "Calculator-Project" */;
			buildPhases = (
				2BFFC4C21D47E57600454126 /* Sources */,
				2BFFC4C31D47E57600454126 /* Frameworks */,
				2BFFC4C41D47E57600454126 /* Resources */,
			);
			buildRules = (
			);
			dependencies = (
			);
			name = "Calculator-Project";
			productName = "Calculator-Project";
			productReference = 2BFFC4C61D47E57600454126 /* Calculator-Project.app */;
			productType = "com.apple.product-type.application";
		};
/* End PBXNativeTarget section */

/* Begin PBXProject section */
		2BFFC4BE1D47E57500454126 /* Project object */ = {
			isa = PBXProject;
			attributes = {
				LastSwiftUpdateCheck = 0730;
				LastUpgradeCheck = 0730;
				ORGANIZATIONNAME = YourboyE;
				TargetAttributes = {
					2BFFC4C51D47E57600454126 = {
						CreatedOnToolsVersion = 7.3.1;
						DevelopmentTeam = Q9QJZL48ZZ;
					};
				};
			};
			buildConfigurationList = 2BFFC4C11D47E57500454126 /* Build configuration list for PBXProject "Calculator-Project" */;
			compatibilityVersion = "Xcode 3.2";
			developmentRegion = English;
			hasScannedForEncodings = 0;
			knownRegions = (
				en,
				Base,
			);
			mainGroup = 2BFFC4BD1D47E57500454126;
			productRefGroup = 2BFFC4C71D47E57600454126 /* Products */;
			projectDirPath = "";
			projectRoot = "";
			targets = (
				2BFFC4C51D47E57600454126 /* Calculator-Project */,
			);
		};
/* End PBXProject section */

/* Begin PBXResourcesBuildPhase section */
		2BFFC4C41D47E57600454126 /* Resources */ = {
			isa = PBXResourcesBuildPhase;
			buildActionMask = 2147483647;
			files = (
				2BFFC4D41D47E57600454126 /* LaunchScreen.storyboard in Resources */,
				2BFFC4D11D47E57600454126 /* Assets.xcassets in Resources */,
				2BFFC4CF1D47E57600454126 /* Main.storyboard in Resources */,
				DB5F4D8E1D52B0B40054487A /* btn.wav in Resources */,
			);
			runOnlyForDeploymentPostprocessing = 0;
		};
/* End PBXResourcesBuildPhase section */

/* Begin PBXSourcesBuildPhase section */
		2BFFC4C21D47E57600454126 /* Sources */ = {
			isa = PBXSourcesBuildPhase;
			buildActionMask = 2147483647;
			files = (
				2BFFC4CC1D47E57600454126 /* ViewController.swift in Sources */,
				2BFFC4CA1D47E57600454126 /* AppDelegate.swift in Sources */,
			);
			runOnlyForDeploymentPostprocessing = 0;
		};
/* End PBXSourcesBuildPhase section */

/* Begin PBXVariantGroup section */
		2BFFC4CD1D47E57600454126 /* Main.storyboard */ = {
			isa = PBXVariantGroup;
			children = (
				2BFFC4CE1D47E57600454126 /* Base */,
			);
			name = Main.storyboard;
			sourceTree = "<group>";
		};
		2BFFC4D21D47E57600454126 /* LaunchScreen.storyboard */ = {
			isa = PBXVariantGroup;
			children = (
				2BFFC4D31D47E57600454126 /* Base */,
			);
			name = LaunchScreen.storyboard;
			sourceTree = "<group>";
		};
/* End PBXVariantGroup section */

/* Begin XCBuildConfiguration section */
		2BFFC4D61D47E57600454126 /* Debug */ = {
			isa = XCBuildConfiguration;
			buildSettings = {
				ALWAYS_SEARCH_USER_PATHS = NO;
				CLANG_ANALYZER_NONNULL = YES;
				CLANG_CXX_LANGUAGE_STANDARD = "gnu++0x";
				CLANG_CXX_LIBRARY = "libc++";
				CLANG_ENABLE_MODULES = YES;
				CLANG_ENABLE_OBJC_ARC = YES;
				CLANG_WARN_BOOL_CONVERSION = YES;
				CLANG_WARN_CONSTANT_CONVERSION = YES;
				CLANG_WARN_DIRECT_OBJC_ISA_USAGE = YES_ERROR;
				CLANG_WARN_EMPTY_BODY = YES;
				CLANG_WARN_ENUM_CONVERSION = YES;
				CLANG_WARN_INT_CONVERSION = YES;
				CLANG_WARN_OBJC_ROOT_CLASS = YES_ERROR;
				CLANG_WARN_UNREACHABLE_CODE = YES;
				CLANG_WARN__DUPLICATE_METHOD_MATCH = YES;
				"CODE_SIGN_IDENTITY[sdk=iphoneos*]" = "iPhone Developer";
				COPY_PHASE_STRIP = NO;
				DEBUG_INFORMATION_FORMAT = dwarf;
				ENABLE_STRICT_OBJC_MSGSEND = YES;
				ENABLE_TESTABILITY = YES;
				GCC_C_LANGUAGE_STANDARD = gnu99;
				GCC_DYNAMIC_NO_PIC = NO;
				GCC_NO_COMMON_BLOCKS = YES;
				GCC_OPTIMIZATION_LEVEL = 0;
				GCC_PREPROCESSOR_DEFINITIONS = (
					"DEBUG=1",
					"$(inherited)",
				);
				GCC_WARN_64_TO_32_BIT_CONVERSION = YES;
				GCC_WARN_ABOUT_RETURN_TYPE = YES_ERROR;
				GCC_WARN_UNDECLARED_SELECTOR = YES;
				GCC_WARN_UNINITIALIZED_AUTOS = YES_AGGRESSIVE;
				GCC_WARN_UNUSED_FUNCTION = YES;
				GCC_WARN_UNUSED_VARIABLE = YES;
				IPHONEOS_DEPLOYMENT_TARGET = 9.3;
				MTL_ENABLE_DEBUG_INFO = YES;
				ONLY_ACTIVE_ARCH = YES;
				SDKROOT = iphoneos;
				SWIFT_OPTIMIZATION_LEVEL = "-Onone";
			};
			name = Debug;
		};
		2BFFC4D71D47E57600454126 /* Release */ = {
			isa = XCBuildConfiguration;
			buildSettings = {
				ALWAYS_SEARCH_USER_PATHS = NO;
				CLANG_ANALYZER_NONNULL = YES;
				CLANG_CXX_LANGUAGE_STANDARD = "gnu++0x";
				CLANG_CXX_LIBRARY = "libc++";
				CLANG_ENABLE_MODULES = YES;
				CLANG_ENABLE_OBJC_ARC = YES;
				CLANG_WARN_BOOL_CONVERSION = YES;
				CLANG_WARN_CONSTANT_CONVERSION = YES;
				CLANG_WARN_DIRECT_OBJC_ISA_USAGE = YES_ERROR;
				CLANG_WARN_EMPTY_BODY = YES;
				CLANG_WARN_ENUM_CONVERSION = YES;
				CLANG_WARN_INT_CONVERSION = YES;
				CLANG_WARN_OBJC_ROOT_CLASS = YES_ERROR;
				CLANG_WARN_UNREACHABLE_CODE = YES;
				CLANG_WARN__DUPLICATE_METHOD_MATCH = YES;
				"CODE_SIGN_IDENTITY[sdk=iphoneos*]" = "iPhone Developer";
				COPY_PHASE_STRIP = NO;
				DEBUG_INFORMATION_FORMAT = "dwarf-with-dsym";
				ENABLE_NS_ASSERTIONS = NO;
				ENABLE_STRICT_OBJC_MSGSEND = YES;
				GCC_C_LANGUAGE_STANDARD = gnu99;
				GCC_NO_COMMON_BLOCKS = YES;
				GCC_WARN_64_TO_32_BIT_CONVERSION = YES;
				GCC_WARN_ABOUT_RETURN_TYPE = YES_ERROR;
				GCC_WARN_UNDECLARED_SELECTOR = YES;
				GCC_WARN_UNINITIALIZED_AUTOS = YES_AGGRESSIVE;
				GCC_WARN_UNUSED_FUNCTION = YES;
				GCC_WARN_UNUSED_VARIABLE = YES;
				IPHONEOS_DEPLOYMENT_TARGET = 9.3;
				MTL_ENABLE_DEBUG_INFO = NO;
				SDKROOT = iphoneos;
				VALIDATE_PRODUCT = YES;
			};
			name = Release;
		};
		2BFFC4D91D47E57600454126 /* Debug */ = {
			isa = XCBuildConfiguration;
			buildSettings = {
				ASSETCATALOG_COMPILER_APPICON_NAME = AppIcon;
				CODE_SIGN_IDENTITY = "iPhone Developer";
				"CODE_SIGN_IDENTITY[sdk=iphoneos*]" = "iPhone Developer";
				INFOPLIST_FILE = "Calculator-Project/Info.plist";
				LD_RUNPATH_SEARCH_PATHS = "$(inherited) @executable_path/Frameworks";
				PRODUCT_BUNDLE_IDENTIFIER = "com.YourBoyE.Calculator-Project";
				PRODUCT_NAME = "$(TARGET_NAME)";
				PROVISIONING_PROFILE = "";
			};
			name = Debug;
		};
		2BFFC4DA1D47E57600454126 /* Release */ = {
			isa = XCBuildConfiguration;
			buildSettings = {
				ASSETCATALOG_COMPILER_APPICON_NAME = AppIcon;
				CODE_SIGN_IDENTITY = "iPhone Developer";
				"CODE_SIGN_IDENTITY[sdk=iphoneos*]" = "iPhone Developer";
				INFOPLIST_FILE = "Calculator-Project/Info.plist";
				LD_RUNPATH_SEARCH_PATHS = "$(inherited) @executable_path/Frameworks";
				PRODUCT_BUNDLE_IDENTIFIER = "com.YourBoyE.Calculator-Project";
				PRODUCT_NAME = "$(TARGET_NAME)";
				PROVISIONING_PROFILE = "";
			};
			name = Release;
		};
/* End XCBuildConfiguration section */

/* Begin XCConfigurationList section */
		2BFFC4C11D47E57500454126 /* Build configuration list for PBXProject "Calculator-Project" */ = {
			isa = XCConfigurationList;
			buildConfigurations = (
				2BFFC4D61D47E57600454126 /* Debug */,
				2BFFC4D71D47E57600454126 /* Release */,
			);
			defaultConfigurationIsVisible = 0;
			defaultConfigurationName = Release;
		};
		2BFFC4D81D47E57600454126 /* Build configuration list for PBXNativeTarget "Calculator-Project" */ = {
			isa = XCConfigurationList;
			buildConfigurations = (
				2BFFC4D91D47E57600454126 /* Debug */,
				2BFFC4DA1D47E57600454126 /* Release */,
			);
			defaultConfigurationIsVisible = 0;
			defaultConfigurationName = Release;
		};
/* End XCConfigurationList section */
	};
	rootObject = 2BFFC4BE1D47E57500454126 /* Project object */;
}
